<?xml version="1.0" encoding="utf-8"?>
<Project ToolsVersion="4.0" xmlns="http://schemas.microsoft.com/developer/msbuild/2003">
  <ItemGroup>
    <ClCompile Include="Timer.cpp" />
    <ClCompile Include="winMain.cpp" />
    <ClCompile Include="Zone.cpp" />
    <ClCompile Include="Animator.cpp">
      <Filter>Component\Framwork</Filter>
    </ClCompile>
    <ClCompile Include="Box.cpp">
      <Filter>Gameobject\Framework</Filter>
    </ClCompile>
    <ClCompile Include="BoxCollider.cpp">
      <Filter>Component\Framwork</Filter>
    </ClCompile>
    <ClCompile Include="Cam.cpp">
      <Filter>Gameobject\Framework</Filter>
    </ClCompile>
    <ClCompile Include="Camera.cpp">
      <Filter>Component\Framwork</Filter>
    </ClCompile>
    <ClCompile Include="CameraManager.cpp">
      <Filter>Manager</Filter>
    </ClCompile>
    <ClCompile Include="Character.cpp">
      <Filter>Gameobject\Framework</Filter>
    </ClCompile>
    <ClCompile Include="ClipManager.cpp">
      <Filter>Manager</Filter>
    </ClCompile>
    <ClCompile Include="ColliderManager.cpp">
      <Filter>Manager</Filter>
    </ClCompile>
    <ClCompile Include="EffectManager.cpp">
      <Filter>Manager</Filter>
    </ClCompile>
    <ClCompile Include="ImageManager.cpp">
      <Filter>Manager</Filter>
    </ClCompile>
    <ClCompile Include="keyManager.cpp">
      <Filter>Manager</Filter>
    </ClCompile>
    <ClCompile Include="SceneManager.cpp">
      <Filter>Manager</Filter>
    </ClCompile>
    <ClCompile Include="soundManager.cpp">
      <Filter>Manager</Filter>
    </ClCompile>
    <ClCompile Include="TagManager.cpp">
      <Filter>Manager</Filter>
    </ClCompile>
    <ClCompile Include="TextDataManager.cpp">
      <Filter>Manager</Filter>
    </ClCompile>
    <ClCompile Include="TimeManager.cpp">
      <Filter>Manager</Filter>
    </ClCompile>
    <ClCompile Include="Component.cpp">
      <Filter>Component\Framwork</Filter>
    </ClCompile>
    <ClCompile Include="DebugText.cpp">
      <Filter>Component\Framwork</Filter>
    </ClCompile>
    <ClCompile Include="GameObject.cpp">
      <Filter>Gameobject\Framework</Filter>
    </ClCompile>
    <ClCompile Include="ImageObject.cpp">
      <Filter>Gameobject\Framework</Filter>
    </ClCompile>
    <ClCompile Include="UIBase.cpp">
      <Filter>Gameobject\Framework</Filter>
    </ClCompile>
    <ClCompile Include="Outline.cpp">
      <Filter>Component\Framwork</Filter>
    </ClCompile>
    <ClCompile Include="ParticleSystem.cpp">
      <Filter>Component\Framwork</Filter>
    </ClCompile>
    <ClCompile Include="Renderer.cpp">
      <Filter>Component\Framwork</Filter>
    </ClCompile>
    <ClCompile Include="Text.cpp">
      <Filter>Component\Framwork</Filter>
    </ClCompile>
    <ClCompile Include="UIRenderer.cpp">
      <Filter>Component\Framwork</Filter>
    </ClCompile>
    <ClCompile Include="Transform.cpp">
      <Filter>Component\Framwork</Filter>
    </ClCompile>
    <ClCompile Include="ZOrder.cpp">
      <Filter>Component\Framwork</Filter>
    </ClCompile>
    <ClCompile Include="ZOrderManager.cpp">
      <Filter>Manager</Filter>
    </ClCompile>
    <ClCompile Include="AnimationClip.cpp">
      <Filter>Util</Filter>
    </ClCompile>
    <ClCompile Include="gameNode.cpp">
      <Filter>Playground</Filter>
    </ClCompile>
    <ClCompile Include="playGround.cpp">
      <Filter>Playground</Filter>
    </ClCompile>
    <ClCompile Include="Geometry.cpp">
      <Filter>Geometry</Filter>
    </ClCompile>
    <ClCompile Include="Rect.cpp">
      <Filter>Geometry</Filter>
    </ClCompile>
    <ClCompile Include="stdafx.cpp">
      <Filter>Util</Filter>
    </ClCompile>
    <ClCompile Include="utils.cpp">
      <Filter>Util</Filter>
    </ClCompile>
    <ClCompile Include="Circle.cpp">
      <Filter>Geometry</Filter>
    </ClCompile>
    <ClCompile Include="Vector2.cpp">
      <Filter>Geometry</Filter>
    </ClCompile>
    <ClCompile Include="Math.cpp">
      <Filter>Geometry</Filter>
    </ClCompile>
    <ClCompile Include="Line.cpp">
      <Filter>Geometry</Filter>
    </ClCompile>
    <ClCompile Include="Scene.cpp">
      <Filter>Scene</Filter>
    </ClCompile>
    <ClCompile Include="SampleScene.cpp">
      <Filter>Scene</Filter>
    </ClCompile>
    <ClCompile Include="image.cpp">
      <Filter>Util</Filter>
    </ClCompile>
    <ClCompile Include="AnimObject.cpp">
      <Filter>Gameobject\Framework</Filter>
    </ClCompile>
    <ClCompile Include="SampleScene2.cpp">
      <Filter>Scene</Filter>
    </ClCompile>
    <ClCompile Include="TriggerTest.cpp">
      <Filter>Component</Filter>
    </ClCompile>
    <ClCompile Include="UIMouseEvent.cpp">
      <Filter>Component\Framwork</Filter>
    </ClCompile>
    <ClCompile Include="Button.cpp">
      <Filter>Gameobject\Framework</Filter>
    </ClCompile>
    <ClCompile Include="MapScene.cpp">
      <Filter>Scene</Filter>
    </ClCompile>
    <ClCompile Include="MapTool.cpp">
      <Filter>Component\Framwork</Filter>
    </ClCompile>
    <ClCompile Include="ShootingScene.cpp">
      <Filter>Scene</Filter>
    </ClCompile>
    <ClCompile Include="EnemyControler.cpp">
      <Filter>Enemy\EnemyControler</Filter>
    </ClCompile>
    <ClCompile Include="EnemyPlaneControler.cpp">
      <Filter>Enemy\EnemyControler</Filter>
    </ClCompile>
    <ClCompile Include="EnemyInfo.cpp">
      <Filter>Enemy\EnemyFunction</Filter>
    </ClCompile>
    <ClCompile Include="EnemyObject.cpp">
      <Filter>Enemy\EnemyUnit</Filter>
    </ClCompile>
    <ClCompile Include="EnemyPlane.cpp">
      <Filter>Enemy\EnemyUnit</Filter>
    </ClCompile>
    <ClCompile Include="GameScene.cpp">
      <Filter>Scene</Filter>
    </ClCompile>
    <ClCompile Include="Projectile.cpp">
      <Filter>Projectile</Filter>
    </ClCompile>
    <ClCompile Include="ProjectileManager.cpp">
      <Filter>Projectile</Filter>
    </ClCompile>
    <ClCompile Include="ProjectileObject.cpp">
      <Filter>Projectile</Filter>
    </ClCompile>
    <ClCompile Include="EnemyGround.cpp">
      <Filter>Enemy\EnemyUnit</Filter>
    </ClCompile>
    <ClCompile></ClCompile> Include="EnemyGroundControler.cpp">
      <Filter>Enemy\EnemyControler</Filter>
    <ClCompile Include="CallbackTest.cpp">
      <Filter>헤더파일</Filter>
    </ClCompile>
    <ClCompile Include="D2DRenderer.cpp">
      <Filter>Util</Filter>
    </ClCompile>
    <ClCompile Include="D2DRenderer+Draw.cpp">
      <Filter>Util</Filter>
    </ClCompile>
    <ClCompile Include="UIControler.cpp">
      <Filter>Component</Filter>
    </ClCompile>
  </ItemGroup>
  <ItemGroup>
    <ClInclude Include="commonMacroFunction.h" />
    <ClInclude Include="randomFunction.h" />
    <ClInclude Include="Resource.h" />
    <ClInclude Include="singletonBase.h" />
    <ClInclude Include="targetver.h" />
    <ClInclude Include="Timer.h" />
    <ClInclude Include="Zone.h" />
    <ClInclude Include="Animator.h">
      <Filter>Component\Framwork</Filter>
    </ClInclude>
    <ClInclude Include="Box.h">
      <Filter>Gameobject\Framework</Filter>
    </ClInclude>
    <ClInclude Include="BoxCollider.h">
      <Filter>Component\Framwork</Filter>
    </ClInclude>
    <ClInclude Include="Cam.h">
      <Filter>Gameobject\Framework</Filter>
    </ClInclude>
    <ClInclude Include="Camera.h">
      <Filter>Component\Framwork</Filter>
    </ClInclude>
    <ClInclude Include="CameraManager.h">
      <Filter>Manager</Filter>
    </ClInclude>
    <ClInclude Include="Character.h">
      <Filter>Gameobject\Framework</Filter>
    </ClInclude>
    <ClInclude Include="ClipManager.h">
      <Filter>Manager</Filter>
    </ClInclude>
    <ClInclude Include="ColliderManager.h">
      <Filter>Manager</Filter>
    </ClInclude>
    <ClInclude Include="EffectManager.h">
      <Filter>Manager</Filter>
    </ClInclude>
    <ClInclude Include="ImageManager.h">
      <Filter>Manager</Filter>
    </ClInclude>
    <ClInclude Include="keyManager.h">
      <Filter>Manager</Filter>
    </ClInclude>
    <ClInclude Include="SceneManager.h">
      <Filter>Manager</Filter>
    </ClInclude>
    <ClInclude Include="soundManager.h">
      <Filter>Manager</Filter>
    </ClInclude>
    <ClInclude Include="TagManager.h">
      <Filter>Manager</Filter>
    </ClInclude>
    <ClInclude Include="TextDataManager.h">
      <Filter>Manager</Filter>
    </ClInclude>
    <ClInclude Include="TimeManager.h">
      <Filter>Manager</Filter>
    </ClInclude>
    <ClInclude Include="Component.h">
      <Filter>Component\Framwork</Filter>
    </ClInclude>
    <ClInclude Include="DebugText.h">
      <Filter>Component\Framwork</Filter>
    </ClInclude>
    <ClInclude Include="GameObject.h">
      <Filter>Gameobject\Framework</Filter>
    </ClInclude>
    <ClInclude Include="ImageObject.h">
      <Filter>Gameobject\Framework</Filter>
    </ClInclude>
    <ClInclude Include="UIBase.h">
      <Filter>Gameobject\Framework</Filter>
    </ClInclude>
    <ClInclude Include="Outline.h">
      <Filter>Component\Framwork</Filter>
    </ClInclude>
    <ClInclude Include="ParticleSystem.h">
      <Filter>Component\Framwork</Filter>
    </ClInclude>
    <ClInclude Include="Renderer.h">
      <Filter>Component\Framwork</Filter>
    </ClInclude>
    <ClInclude Include="Text.h">
      <Filter>Component\Framwork</Filter>
    </ClInclude>
    <ClInclude Include="UIRenderer.h">
      <Filter>Component\Framwork</Filter>
    </ClInclude>
    <ClInclude Include="Transform.h">
      <Filter>Component\Framwork</Filter>
    </ClInclude>
    <ClInclude Include="ZOrder.h">
      <Filter>Component\Framwork</Filter>
    </ClInclude>
    <ClInclude Include="ZOrderManager.h">
      <Filter>Manager</Filter>
    </ClInclude>
    <ClInclude Include="AnimationClip.h">
      <Filter>Util</Filter>
    </ClInclude>
    <ClInclude Include="gameNode.h">
      <Filter>Playground</Filter>
    </ClInclude>
    <ClInclude Include="playGround.h">
      <Filter>Playground</Filter>
    </ClInclude>
    <ClInclude Include="ManagerHeader.h">
      <Filter>헤더파일</Filter>
    </ClInclude>
    <ClInclude Include="LibraryHeader.h">
      <Filter>헤더파일</Filter>
    </ClInclude>
    <ClInclude Include="stdafx.h">
      <Filter>Util</Filter>
    </ClInclude>
    <ClInclude Include="utils.h">
      <Filter>Util</Filter>
    </ClInclude>
    <ClInclude Include="Line.h">
      <Filter>Geometry</Filter>
    </ClInclude>
    <ClInclude Include="Vector2.h">
      <Filter>Geometry</Filter>
    </ClInclude>
    <ClInclude Include="Math.h">
      <Filter>Geometry</Filter>
    </ClInclude>
    <ClInclude Include="Circle.h">
      <Filter>Geometry</Filter>
    </ClInclude>
    <ClInclude Include="Rect.h">
      <Filter>Geometry</Filter>
    </ClInclude>
    <ClInclude Include="Scene.h">
      <Filter>Scene</Filter>
    </ClInclude>
    <ClInclude Include="SampleScene.h">
      <Filter>Scene</Filter>
    </ClInclude>
    <ClInclude Include="image.h">
      <Filter>Util</Filter>
    </ClInclude>
    <ClInclude Include="AnimObject.h">
      <Filter>Gameobject\Framework</Filter>
    </ClInclude>
    <ClInclude Include="SampleScene2.h">
      <Filter>Scene</Filter>
    </ClInclude>
    <ClInclude Include="TriggerTest.h">
      <Filter>Component</Filter>
    </ClInclude>
    <ClInclude Include="UIMouseEvent.h">
      <Filter>Component\Framwork</Filter>
    </ClInclude>
    <ClInclude Include="Button.h">
      <Filter>Gameobject\Framework</Filter>
    </ClInclude>
    <ClInclude Include="MapScene.h">
      <Filter>Scene</Filter>
    </ClInclude>
    <ClInclude Include="MapTool.h">
      <Filter>Component\Framwork</Filter>
    </ClInclude>
    <ClInclude Include="ShootingScene.h">
      <Filter>Scene</Filter>
    </ClInclude>
    <ClInclude Include="EnemyPlaneControler.h">
      <Filter>Enemy\EnemyControler</Filter>
    </ClInclude>
    <ClInclude Include="EnemyControler.h">
      <Filter>Enemy\EnemyControler</Filter>
    </ClInclude>
    <ClInclude Include="EnemyInfo.h">
      <Filter>Enemy\EnemyFunction</Filter>
    </ClInclude>
    <ClInclude Include="EnemyObject.h">
      <Filter>Enemy\EnemyUnit</Filter>
    </ClInclude>
    <ClInclude Include="EnemyPlane.h">
      <Filter>Enemy\EnemyUnit</Filter>
    </ClInclude>
    <ClInclude Include="GameScene.h">
      <Filter>Scene</Filter>
    </ClInclude>
    <ClInclude Include="LibraryHeader.h" />
    <ClInclude Include="ManagerHeader.h" />
    <ClInclude Include="TileInfo.h" />
    <ClInclude Include="ProjectileObject.h">
      <Filter>Projectile</Filter>
    </ClInclude>
    <ClInclude Include="Projectile.h">
      <Filter>Projectile</Filter>
    </ClInclude>
    <ClInclude Include="ProjectileManager.h">
      <Filter>Projectile</Filter>
    </ClInclude>
    <ClInclude Include="EnemyGround.h">
      <Filter>Enemy\EnemyUnit</Filter>
    </ClInclude>
    <ClInclude></ClInclude> Include="EnemyGroundControler.h">
      <Filter>Enemy\EnemyControler</Filter>
    <ClInclude Include="Geometry.h">
      <Filter>Geometry</Filter>
    </ClInclude>
    <ClInclude Include="CallbackTest.h">
      <Filter>헤더파일</Filter>
    </ClInclude>
    <ClInclude Include="D2DRenderer.h">
      <Filter>Util</Filter>
    </ClInclude>
    <ClInclude Include="UIControler.h">
      <Filter>Component</Filter>
    </ClInclude>
  </ItemGroup>
  <ItemGroup>
    <ResourceCompile Include="windowAPI.rc" />
  </ItemGroup>
  <ItemGroup>
    <Image Include="small.ico" />
    <Image Include="windowAPI.ico" />
  </ItemGroup>
  <ItemGroup>
    <Filter Include="?�더?�일">
      <UniqueIdentifier>{c5a74d32-48ac-476c-b67c-3ef4959b80ca}</UniqueIdentifier>
    </Filter>
    <Filter Include="?�스?�일">
      <UniqueIdentifier>{91e16d7c-03fe-4390-86f5-fd7f4552fc0c}</UniqueIdentifier>
    </Filter>
    <Filter Include="Util">
      <UniqueIdentifier>{0c5effe2-8e72-4e52-b540-eb3ecf943f38}</UniqueIdentifier>
    </Filter>
    <Filter Include="Manager">
      <UniqueIdentifier>{3455faa0-84a1-44a7-83ed-71ff8041d1e4}</UniqueIdentifier>
    </Filter>
    <Filter Include="Component">
      <UniqueIdentifier>{d5f6050d-426e-42fd-857b-105dd2f82843}</UniqueIdentifier>
    </Filter>
    <Filter Include="Gameobject">
      <UniqueIdentifier>{339234b0-2189-4128-b69b-7f7d8ce055e8}</UniqueIdentifier>
    </Filter>
    <Filter Include="Gameobject\Framework">
      <UniqueIdentifier>{5eaa17aa-467a-4826-a088-6ca7ec21b92e}</UniqueIdentifier>
    </Filter>
    <Filter Include="Component\Framwork">
      <UniqueIdentifier>{aa60f53b-dbee-405a-977c-a22c8d3b5b8c}</UniqueIdentifier>
    </Filter>
    <Filter Include="Playground">
      <UniqueIdentifier>{41108d82-d3b9-4357-bfd1-b83526e48e1a}</UniqueIdentifier>
    </Filter>
    <Filter Include="Scene">
      <UniqueIdentifier>{8c1e3ca4-f72a-411b-b346-bd0aa24e763a}</UniqueIdentifier>
    </Filter>
    <Filter Include="Enemy">
      <UniqueIdentifier>{4d60e2be-b37d-43d9-88a1-aade9f61fe91}</UniqueIdentifier>
    </Filter>
    <Filter Include="Enemy\EnemyFunction">
      <UniqueIdentifier>{5fa20ed1-9e4b-400d-83ff-373026e46790}</UniqueIdentifier>
    </Filter>
    <Filter Include="Enemy\EnemyControler">
      <UniqueIdentifier>{f65fd3a2-c163-438c-86cb-bc5cfccca309}</UniqueIdentifier>
    </Filter>
    <Filter Include="Enemy\EnemyUnit">
      <UniqueIdentifier>{f04d7d50-bb99-40ae-b3d3-47935ff62d0f}</UniqueIdentifier>
    </Filter>
    <Filter></Filter> Include="Projectile">
      <UniqueIdentifier>{e4ef8ac0-5830-48a5-be0a-5b22c15be392}</UniqueIdentifier>
    <Filter Include="Geometry">
      <UniqueIdentifier>{91e16d7c-03fe-4390-86f5-fd7f4552fc0c}</UniqueIdentifier>
    </Filter>
  </ItemGroup>
</Project>